langcode: en
status: true
dependencies:
  module:
    - block_content
    - plugin
id: block_content.field_block
field_name: field_block
entity_type: block_content
type: 'plugin:block'
settings: {  }
module: plugin
locked: false
cardinality: 1
translatable: true
indexes: {  }
persist_with_no_fields: false
custom_storage: false
